// !$*UTF8*$!
{
	archiveVersion = 1;
	classes = {
	};
	objectVersion = 46;
	objects = {

/* Begin PBXBuildFile section */
		DC9D94D81CFEDC8100345850 /* MixfaderSDKiOS.m in Sources */ = {isa = PBXBuildFile; fileRef = DC9D94D71CFEDC8100345850 /* MixfaderSDKiOS.m */; };
		DC9D94F91CFEDDDD00345850 /* MXFDefinesHeader.h in CopyFiles */ = {isa = PBXBuildFile; fileRef = DC9D94F41CFEDDAC00345850 /* MXFDefinesHeader.h */; };
		DC9D94FA1CFEDDDF00345850 /* MXFErrorDefine.h in CopyFiles */ = {isa = PBXBuildFile; fileRef = DC9D94F51CFEDDAC00345850 /* MXFErrorDefine.h */; };
		DC9D94FB1CFEDDE200345850 /* MXFMixfaderInterface.h in CopyFiles */ = {isa = PBXBuildFile; fileRef = DC9D94F61CFEDDAC00345850 /* MXFMixfaderInterface.h */; };
		DC9D94FC1CFEDDE500345850 /* MXFSession.h in CopyFiles */ = {isa = PBXBuildFile; fileRef = DC9D94F71CFEDDAC00345850 /* MXFSession.h */; };
		DC9D94FD1CFEDDE800345850 /* MXFTypes.h in CopyFiles */ = {isa = PBXBuildFile; fileRef = DC9D94F81CFEDDAC00345850 /* MXFTypes.h */; };
		DC9D95521CFEE3FD00345850 /* MixfaderSDKOSX.h in Headers */ = {isa = PBXBuildFile; fileRef = DC9D95501CFEE3FD00345850 /* MixfaderSDKOSX.h */; };
		DC9D95531CFEE3FD00345850 /* MixfaderSDKOSX.m in Sources */ = {isa = PBXBuildFile; fileRef = DC9D95511CFEE3FD00345850 /* MixfaderSDKOSX.m */; };
		DC9D95621CFEE4E100345850 /* libMXFSDK_ios.a in Frameworks */ = {isa = PBXBuildFile; fileRef = DC9D95611CFEE4E100345850 /* libMXFSDK_ios.a */; };
/* End PBXBuildFile section */

/* Begin PBXCopyFilesBuildPhase section */
		DC9D94D11CFEDC8100345850 /* CopyFiles */ = {
			isa = PBXCopyFilesBuildPhase;
			buildActionMask = 2147483647;
			dstPath = include;
			dstSubfolderSpec = 16;
			files = (
				DC9D94F91CFEDDDD00345850 /* MXFDefinesHeader.h in CopyFiles */,
				DC9D94FA1CFEDDDF00345850 /* MXFErrorDefine.h in CopyFiles */,
				DC9D94FB1CFEDDE200345850 /* MXFMixfaderInterface.h in CopyFiles */,
				DC9D94FC1CFEDDE500345850 /* MXFSession.h in CopyFiles */,
				DC9D94FD1CFEDDE800345850 /* MXFTypes.h in CopyFiles */,
			);
			runOnlyForDeploymentPostprocessing = 0;
		};
/* End PBXCopyFilesBuildPhase section */

/* Begin PBXFileReference section */
		DC9D94D31CFEDC8100345850 /* libMixfaderSDKiOS.a */ = {isa = PBXFileReference; explicitFileType = archive.ar; includeInIndex = 0; path = libMixfaderSDKiOS.a; sourceTree = BUILT_PRODUCTS_DIR; };
		DC9D94D51CFEDC8100345850 /* MixfaderSDKiOS.h */ = {isa = PBXFileReference; lastKnownFileType = sourcecode.c.h; path = MixfaderSDKiOS.h; sourceTree = "<group>"; };
		DC9D94D71CFEDC8100345850 /* MixfaderSDKiOS.m */ = {isa = PBXFileReference; lastKnownFileType = sourcecode.c.objc; path = MixfaderSDKiOS.m; sourceTree = "<group>"; };
		DC9D94EC1CFEDCD300345850 /* MXFDefinesHeader.h */ = {isa = PBXFileReference; lastKnownFileType = sourcecode.c.h; path = MXFDefinesHeader.h; sourceTree = "<group>"; };
		DC9D94ED1CFEDCD300345850 /* MXFErrorDefine.h */ = {isa = PBXFileReference; lastKnownFileType = sourcecode.c.h; path = MXFErrorDefine.h; sourceTree = "<group>"; };
		DC9D94EE1CFEDCD300345850 /* MXFMixfaderInterface.h */ = {isa = PBXFileReference; lastKnownFileType = sourcecode.c.h; path = MXFMixfaderInterface.h; sourceTree = "<group>"; };
		DC9D94EF1CFEDCD300345850 /* MXFSession.h */ = {isa = PBXFileReference; lastKnownFileType = sourcecode.c.h; path = MXFSession.h; sourceTree = "<group>"; };
		DC9D94F01CFEDCD300345850 /* MXFTypes.h */ = {isa = PBXFileReference; lastKnownFileType = sourcecode.c.h; path = MXFTypes.h; sourceTree = "<group>"; };
		DC9D94F41CFEDDAC00345850 /* MXFDefinesHeader.h */ = {isa = PBXFileReference; lastKnownFileType = sourcecode.c.h; path = MXFDefinesHeader.h; sourceTree = "<group>"; };
		DC9D94F51CFEDDAC00345850 /* MXFErrorDefine.h */ = {isa = PBXFileReference; lastKnownFileType = sourcecode.c.h; path = MXFErrorDefine.h; sourceTree = "<group>"; };
		DC9D94F61CFEDDAC00345850 /* MXFMixfaderInterface.h */ = {isa = PBXFileReference; lastKnownFileType = sourcecode.c.h; path = MXFMixfaderInterface.h; sourceTree = "<group>"; };
		DC9D94F71CFEDDAC00345850 /* MXFSession.h */ = {isa = PBXFileReference; lastKnownFileType = sourcecode.c.h; path = MXFSession.h; sourceTree = "<group>"; };
		DC9D94F81CFEDDAC00345850 /* MXFTypes.h */ = {isa = PBXFileReference; lastKnownFileType = sourcecode.c.h; path = MXFTypes.h; sourceTree = "<group>"; };
		DC9D95411CFEE35A00345850 /* libMXFSDK_osx.a */ = {isa = PBXFileReference; lastKnownFileType = archive.ar; path = libMXFSDK_osx.a; sourceTree = "<group>"; };
		DC9D95471CFEE39000345850 /* libMixfaderSDKOSX.a */ = {isa = PBXFileReference; explicitFileType = archive.ar; includeInIndex = 0; path = libMixfaderSDKOSX.a; sourceTree = BUILT_PRODUCTS_DIR; };
		DC9D95501CFEE3FD00345850 /* MixfaderSDKOSX.h */ = {isa = PBXFileReference; fileEncoding = 4; lastKnownFileType = sourcecode.c.h; path = MixfaderSDKOSX.h; sourceTree = "<group>"; };
		DC9D95511CFEE3FD00345850 /* MixfaderSDKOSX.m */ = {isa = PBXFileReference; fileEncoding = 4; lastKnownFileType = sourcecode.c.objc; path = MixfaderSDKOSX.m; sourceTree = "<group>"; };
		DC9D95611CFEE4E100345850 /* libMXFSDK_ios.a */ = {isa = PBXFileReference; lastKnownFileType = archive.ar; path = libMXFSDK_ios.a; sourceTree = "<group>"; };
		DC9D95681CFF0BAB00345850 /* MixfaderSDKCocoa.podspec */ = {isa = PBXFileReference; lastKnownFileType = text; path = MixfaderSDKCocoa.podspec; sourceTree = "<group>"; };
/* End PBXFileReference section */

/* Begin PBXFrameworksBuildPhase section */
		DC9D94D01CFEDC8100345850 /* Frameworks */ = {
			isa = PBXFrameworksBuildPhase;
			buildActionMask = 2147483647;
			files = (
				DC9D95621CFEE4E100345850 /* libMXFSDK_ios.a in Frameworks */,
			);
			runOnlyForDeploymentPostprocessing = 0;
		};
		DC9D95441CFEE39000345850 /* Frameworks */ = {
			isa = PBXFrameworksBuildPhase;
			buildActionMask = 2147483647;
			files = (
			);
			runOnlyForDeploymentPostprocessing = 0;
		};
/* End PBXFrameworksBuildPhase section */

/* Begin PBXGroup section */
		DC9D94BA1CFEDC3B00345850 = {
			isa = PBXGroup;
			children = (
				DC9D95681CFF0BAB00345850 /* MixfaderSDKCocoa.podspec */,
				DC9D94D41CFEDC8100345850 /* MixfaderSDKiOS */,
				DC9D95481CFEE39000345850 /* MixfaderSDKOSX */,
				DC9D94C41CFEDC3B00345850 /* Products */,
			);
			sourceTree = "<group>";
		};
		DC9D94C41CFEDC3B00345850 /* Products */ = {
			isa = PBXGroup;
			children = (
				DC9D94D31CFEDC8100345850 /* libMixfaderSDKiOS.a */,
				DC9D95471CFEE39000345850 /* libMixfaderSDKOSX.a */,
			);
			name = Products;
			sourceTree = "<group>";
		};
		DC9D94D41CFEDC8100345850 /* MixfaderSDKiOS */ = {
			isa = PBXGroup;
			children = (
				DC9D95611CFEE4E100345850 /* libMXFSDK_ios.a */,
				DC9D94F31CFEDDAC00345850 /* include */,
				DC9D94D51CFEDC8100345850 /* MixfaderSDKiOS.h */,
				DC9D94D71CFEDC8100345850 /* MixfaderSDKiOS.m */,
			);
			path = MixfaderSDKiOS;
			sourceTree = "<group>";
		};
		DC9D94EB1CFEDCD300345850 /* include */ = {
			isa = PBXGroup;
			children = (
				DC9D94EC1CFEDCD300345850 /* MXFDefinesHeader.h */,
				DC9D94ED1CFEDCD300345850 /* MXFErrorDefine.h */,
				DC9D94EE1CFEDCD300345850 /* MXFMixfaderInterface.h */,
				DC9D94EF1CFEDCD300345850 /* MXFSession.h */,
				DC9D94F01CFEDCD300345850 /* MXFTypes.h */,
			);
			path = include;
			sourceTree = "<group>";
		};
		DC9D94F31CFEDDAC00345850 /* include */ = {
			isa = PBXGroup;
			children = (
				DC9D94F41CFEDDAC00345850 /* MXFDefinesHeader.h */,
				DC9D94F51CFEDDAC00345850 /* MXFErrorDefine.h */,
				DC9D94F61CFEDDAC00345850 /* MXFMixfaderInterface.h */,
				DC9D94F71CFEDDAC00345850 /* MXFSession.h */,
				DC9D94F81CFEDDAC00345850 /* MXFTypes.h */,
			);
			path = include;
			sourceTree = "<group>";
		};
		DC9D95481CFEE39000345850 /* MixfaderSDKOSX */ = {
			isa = PBXGroup;
			children = (
				DC9D95501CFEE3FD00345850 /* MixfaderSDKOSX.h */,
				DC9D95511CFEE3FD00345850 /* MixfaderSDKOSX.m */,
				DC9D95411CFEE35A00345850 /* libMXFSDK_osx.a */,
				DC9D94EB1CFEDCD300345850 /* include */,
			);
			path = MixfaderSDKOSX;
			sourceTree = "<group>";
		};
/* End PBXGroup section */

/* Begin PBXHeadersBuildPhase section */
		DC9D95451CFEE39000345850 /* Headers */ = {
			isa = PBXHeadersBuildPhase;
			buildActionMask = 2147483647;
			files = (
				DC9D95521CFEE3FD00345850 /* MixfaderSDKOSX.h in Headers */,
			);
			runOnlyForDeploymentPostprocessing = 0;
		};
/* End PBXHeadersBuildPhase section */

/* Begin PBXNativeTarget section */
		DC9D94D21CFEDC8100345850 /* MixfaderSDKiOS */ = {
			isa = PBXNativeTarget;
			buildConfigurationList = DC9D94D91CFEDC8100345850 /* Build configuration list for PBXNativeTarget "MixfaderSDKiOS" */;
			buildPhases = (
				DC9D94CF1CFEDC8100345850 /* Sources */,
				DC9D94D01CFEDC8100345850 /* Frameworks */,
				DC9D94D11CFEDC8100345850 /* CopyFiles */,
			);
			buildRules = (
			);
			dependencies = (
			);
			name = MixfaderSDKiOS;
			productName = MixfaderSDKiOS;
			productReference = DC9D94D31CFEDC8100345850 /* libMixfaderSDKiOS.a */;
			productType = "com.apple.product-type.library.static";
		};
		DC9D95461CFEE39000345850 /* MixfaderSDKOSX */ = {
			isa = PBXNativeTarget;
			buildConfigurationList = DC9D954D1CFEE39000345850 /* Build configuration list for PBXNativeTarget "MixfaderSDKOSX" */;
			buildPhases = (
				DC9D95431CFEE39000345850 /* Sources */,
				DC9D95441CFEE39000345850 /* Frameworks */,
				DC9D95451CFEE39000345850 /* Headers */,
			);
			buildRules = (
			);
			dependencies = (
			);
			name = MixfaderSDKOSX;
			productName = MixfaderSDKOSX;
			productReference = DC9D95471CFEE39000345850 /* libMixfaderSDKOSX.a */;
			productType = "com.apple.product-type.library.static";
		};
/* End PBXNativeTarget section */

/* Begin PBXProject section */
		DC9D94BB1CFEDC3B00345850 /* Project object */ = {
			isa = PBXProject;
			attributes = {
				LastUpgradeCheck = 0730;
				ORGANIZATIONNAME = djit;
				TargetAttributes = {
					DC9D94D21CFEDC8100345850 = {
						CreatedOnToolsVersion = 7.3.1;
					};
					DC9D95461CFEE39000345850 = {
						CreatedOnToolsVersion = 7.3.1;
					};
				};
			};
			buildConfigurationList = DC9D94BE1CFEDC3B00345850 /* Build configuration list for PBXProject "MixfaderSDKCocoa" */;
			compatibilityVersion = "Xcode 3.2";
			developmentRegion = English;
			hasScannedForEncodings = 0;
			knownRegions = (
				en,
			);
			mainGroup = DC9D94BA1CFEDC3B00345850;
			productRefGroup = DC9D94C41CFEDC3B00345850 /* Products */;
			projectDirPath = "";
			projectRoot = "";
			targets = (
				DC9D94D21CFEDC8100345850 /* MixfaderSDKiOS */,
				DC9D95461CFEE39000345850 /* MixfaderSDKOSX */,
			);
		};
/* End PBXProject section */

/* Begin PBXSourcesBuildPhase section */
		DC9D94CF1CFEDC8100345850 /* Sources */ = {
			isa = PBXSourcesBuildPhase;
			buildActionMask = 2147483647;
			files = (
				DC9D94D81CFEDC8100345850 /* MixfaderSDKiOS.m in Sources */,
			);
			runOnlyForDeploymentPostprocessing = 0;
		};
		DC9D95431CFEE39000345850 /* Sources */ = {
			isa = PBXSourcesBuildPhase;
			buildActionMask = 2147483647;
			files = (
				DC9D95531CFEE3FD00345850 /* MixfaderSDKOSX.m in Sources */,
			);
			runOnlyForDeploymentPostprocessing = 0;
		};
/* End PBXSourcesBuildPhase section */

/* Begin XCBuildConfiguration section */
		DC9D94CA1CFEDC3B00345850 /* Debug */ = {
			isa = XCBuildConfiguration;
			buildSettings = {
				ALWAYS_SEARCH_USER_PATHS = NO;
				CLANG_ANALYZER_NONNULL = YES;
				CLANG_CXX_LANGUAGE_STANDARD = "gnu++0x";
				CLANG_CXX_LIBRARY = "libc++";
				CLANG_ENABLE_MODULES = YES;
				CLANG_ENABLE_OBJC_ARC = YES;
				CLANG_WARN_BOOL_CONVERSION = YES;
				CLANG_WARN_CONSTANT_CONVERSION = YES;
				CLANG_WARN_DIRECT_OBJC_ISA_USAGE = YES_ERROR;
				CLANG_WARN_EMPTY_BODY = YES;
				CLANG_WARN_ENUM_CONVERSION = YES;
				CLANG_WARN_INT_CONVERSION = YES;
				CLANG_WARN_OBJC_ROOT_CLASS = YES_ERROR;
				CLANG_WARN_UNREACHABLE_CODE = YES;
				CLANG_WARN__DUPLICATE_METHOD_MATCH = YES;
				"CODE_SIGN_IDENTITY[sdk=iphoneos*]" = "iPhone Developer";
				COPY_PHASE_STRIP = NO;
				DEBUG_INFORMATION_FORMAT = dwarf;
				ENABLE_STRICT_OBJC_MSGSEND = YES;
				ENABLE_TESTABILITY = YES;
				GCC_C_LANGUAGE_STANDARD = gnu99;
				GCC_DYNAMIC_NO_PIC = NO;
				GCC_NO_COMMON_BLOCKS = YES;
				GCC_OPTIMIZATION_LEVEL = 0;
				GCC_PREPROCESSOR_DEFINITIONS = (
					"DEBUG=1",
					"$(inherited)",
				);
				GCC_WARN_64_TO_32_BIT_CONVERSION = YES;
				GCC_WARN_ABOUT_RETURN_TYPE = YES_ERROR;
				GCC_WARN_UNDECLARED_SELECTOR = YES;
				GCC_WARN_UNINITIALIZED_AUTOS = YES_AGGRESSIVE;
				GCC_WARN_UNUSED_FUNCTION = YES;
				GCC_WARN_UNUSED_VARIABLE = YES;
				IPHONEOS_DEPLOYMENT_TARGET = 9.3;
				MTL_ENABLE_DEBUG_INFO = YES;
				ONLY_ACTIVE_ARCH = YES;
				SDKROOT = iphoneos;
			};
			name = Debug;
		};
		DC9D94CB1CFEDC3B00345850 /* Release */ = {
			isa = XCBuildConfiguration;
			buildSettings = {
				ALWAYS_SEARCH_USER_PATHS = NO;
				CLANG_ANALYZER_NONNULL = YES;
				CLANG_CXX_LANGUAGE_STANDARD = "gnu++0x";
				CLANG_CXX_LIBRARY = "libc++";
				CLANG_ENABLE_MODULES = YES;
				CLANG_ENABLE_OBJC_ARC = YES;
				CLANG_WARN_BOOL_CONVERSION = YES;
				CLANG_WARN_CONSTANT_CONVERSION = YES;
				CLANG_WARN_DIRECT_OBJC_ISA_USAGE = YES_ERROR;
				CLANG_WARN_EMPTY_BODY = YES;
				CLANG_WARN_ENUM_CONVERSION = YES;
				CLANG_WARN_INT_CONVERSION = YES;
				CLANG_WARN_OBJC_ROOT_CLASS = YES_ERROR;
				CLANG_WARN_UNREACHABLE_CODE = YES;
				CLANG_WARN__DUPLICATE_METHOD_MATCH = YES;
				"CODE_SIGN_IDENTITY[sdk=iphoneos*]" = "iPhone Developer";
				COPY_PHASE_STRIP = NO;
				DEBUG_INFORMATION_FORMAT = "dwarf-with-dsym";
				ENABLE_NS_ASSERTIONS = NO;
				ENABLE_STRICT_OBJC_MSGSEND = YES;
				GCC_C_LANGUAGE_STANDARD = gnu99;
				GCC_NO_COMMON_BLOCKS = YES;
				GCC_WARN_64_TO_32_BIT_CONVERSION = YES;
				GCC_WARN_ABOUT_RETURN_TYPE = YES_ERROR;
				GCC_WARN_UNDECLARED_SELECTOR = YES;
				GCC_WARN_UNINITIALIZED_AUTOS = YES_AGGRESSIVE;
				GCC_WARN_UNUSED_FUNCTION = YES;
				GCC_WARN_UNUSED_VARIABLE = YES;
				IPHONEOS_DEPLOYMENT_TARGET = 9.3;
				MTL_ENABLE_DEBUG_INFO = NO;
				SDKROOT = iphoneos;
				VALIDATE_PRODUCT = YES;
			};
			name = Release;
		};
		DC9D94DA1CFEDC8100345850 /* Debug */ = {
			isa = XCBuildConfiguration;
			buildSettings = {
				LIBRARY_SEARCH_PATHS = (
					"$(inherited)",
					"$(PROJECT_DIR)/MixfaderSDKiOS",
				);
				OTHER_LDFLAGS = "-ObjC";
				PRODUCT_NAME = "$(TARGET_NAME)";
				SKIP_INSTALL = YES;
				SYMROOT = build;
			};
			name = Debug;
		};
		DC9D94DB1CFEDC8100345850 /* Release */ = {
			isa = XCBuildConfiguration;
			buildSettings = {
				LIBRARY_SEARCH_PATHS = (
					"$(inherited)",
					"$(PROJECT_DIR)/MixfaderSDKiOS",
				);
				OTHER_LDFLAGS = "-ObjC";
				PRODUCT_NAME = "$(TARGET_NAME)";
				SKIP_INSTALL = YES;
				SYMROOT = build;
			};
			name = Release;
		};
		DC9D954E1CFEE39000345850 /* Debug */ = {
			isa = XCBuildConfiguration;
			buildSettings = {
				CODE_SIGN_IDENTITY = "-";
				EXECUTABLE_PREFIX = lib;
				MACOSX_DEPLOYMENT_TARGET = 10.11;
				PRODUCT_NAME = "$(TARGET_NAME)";
				SDKROOT = macosx;
			};
			name = Debug;
		};
		DC9D954F1CFEE39000345850 /* Release */ = {
			isa = XCBuildConfiguration;
			buildSettings = {
				CODE_SIGN_IDENTITY = "-";
				EXECUTABLE_PREFIX = lib;
				MACOSX_DEPLOYMENT_TARGET = 10.11;
				PRODUCT_NAME = "$(TARGET_NAME)";
				SDKROOT = macosx;
			};
			name = Release;
		};
/* End XCBuildConfiguration section */

/* Begin XCConfigurationList section */
		DC9D94BE1CFEDC3B00345850 /* Build configuration list for PBXProject "MixfaderSDKCocoa" */ = {
			isa = XCConfigurationList;
			buildConfigurations = (
				DC9D94CA1CFEDC3B00345850 /* Debug */,
				DC9D94CB1CFEDC3B00345850 /* Release */,
			);
			defaultConfigurationIsVisible = 0;
			defaultConfigurationName = Release;
		};
		DC9D94D91CFEDC8100345850 /* Build configuration list for PBXNativeTarget "MixfaderSDKiOS" */ = {
			isa = XCConfigurationList;
			buildConfigurations = (
				DC9D94DA1CFEDC8100345850 /* Debug */,
				DC9D94DB1CFEDC8100345850 /* Release */,
			);
			defaultConfigurationIsVisible = 0;
			defaultConfigurationName = Release;
		};
		DC9D954D1CFEE39000345850 /* Build configuration list for PBXNativeTarget "MixfaderSDKOSX" */ = {
			isa = XCConfigurationList;
			buildConfigurations = (
				DC9D954E1CFEE39000345850 /* Debug */,
				DC9D954F1CFEE39000345850 /* Release */,
			);
			defaultConfigurationIsVisible = 0;
			defaultConfigurationName = Release;
		};
/* End XCConfigurationList section */
	};
	rootObject = DC9D94BB1CFEDC3B00345850 /* Project object */;
}
